
Microsoft Visual Studio Solution File, Format Version 12.00
# Visual Studio Version 16
VisualStudioVersion = 16.0.34301.259
MinimumVisualStudioVersion = 10.0.40219.1
Project("{9A19103F-16F7-4668-BE54-9A1E7A4F7556}") = "DoAnTotNghiep", "DoAnTotNghiep\DoAnTotNghiep.csproj", "{02281878-C1EF-413A-8DC7-D057E47E2466}"
EndProject
Global
	GlobalSection(SolutionConfigurationPlatforms) = preSolution
		Debug|Any CPU = Debug|Any CPU
		Release|Any CPU = Release|Any CPU
	EndGlobalSection
	GlobalSection(ProjectConfigurationPlatforms) = postSolution
		{02281878-C1EF-413A-8DC7-D057E47E2466}.Debug|Any CPU.ActiveCfg = Debug|Any CPU
		{02281878-C1EF-413A-8DC7-D057E47E2466}.Debug|Any CPU.Build.0 = Debug|Any CPU
		{02281878-C1EF-413A-8DC7-D057E47E2466}.Release|Any CPU.ActiveCfg = Release|Any CPU
		{02281878-C1EF-413A-8DC7-D057E47E2466}.Release|Any CPU.Build.0 = Release|Any CPU
	EndGlobalSection
	GlobalSection(SolutionProperties) = preSolution
		HideSolutionNode = FALSE
	EndGlobalSection
	GlobalSection(ExtensibilityGlobals) = postSolution
		SolutionGuid = {9F981C00-1B47-49B3-AC01-FD990E384D48}
	EndGlobalSection
EndGlobal
